{
  "version": 4,
  "terraform_version": "1.13.2",
  "serial": 18,
  "lineage": "457f1449-2ce3-f39e-7952-82d1adc311f9",
  "outputs": {},
  "resources": [
    {
      "mode": "managed",
      "type": "aws_eks_cluster",
      "name": "main",
      "provider": "provider[\"registry.terraform.io/hashicorp/aws\"]",
      "instances": [
        {
          "schema_version": 1,
          "attributes": {
            "access_config": [
              {
                "authentication_mode": "CONFIG_MAP",
                "bootstrap_cluster_creator_admin_permissions": true
              }
            ],
            "arn": "arn:aws:eks:us-east-1:509505638544:cluster/aws-k8s-cluster",
            "bootstrap_self_managed_addons": true,
            "certificate_authority": [
              {
                "data": "LS0tLS1CRUdJTiBDRVJUSUZJQ0FURS0tLS0tCk1JSURCVENDQWUyZ0F3SUJBZ0lJV1V0MURVaGtTY2t3RFFZSktvWklodmNOQVFFTEJRQXdGVEVUTUJFR0ExVUUKQXhNS2EzVmlaWEp1WlhSbGN6QWVGdzB5TlRBNU1UZ3hNVEF5TXpkYUZ3MHpOVEE1TVRZeE1UQTNNemRhTUJVeApFekFSQmdOVkJBTVRDbXQxWW1WeWJtVjBaWE13Z2dFaU1BMEdDU3FHU0liM0RRRUJBUVVBQTRJQkR3QXdnZ0VLCkFvSUJBUURGejRnWkhDWWhRVjNJcEN5cHFHYXFjUndkSU9hKzJPQXNhZFUrMlJUdjdOdkwrNjVZK09rZFQxbGcKdkNIQ2dzemJYNG9paWxkdGxFMmIrcmVFUURlajh3bWpZelpRQjFwckszZUVObGwvankyb2dseUY5U0ZPL1ErVgoxTmZsZjMvNDJ5bmdDeXBVNTBtSGRuSFRTVGpOS1VSY1JNNGlxVXpTRnhFc2xFVVZ5WllZWG5lb0wzZ3J2akN6CmswMU82Qm1NbUFZUXgydjgrMXM3MWJMTFgyc3AzNnhXcDdLVjYrdkJEd2RNVFhWSDdTQjE4WThjOWhRbzdGa0YKdUxtbjQ2L3UrNHdsRThacDZic0VUNDZkZFFRdU45elROZFpxZGNndVJoeXdMa1dZWDBpUldad0ZkMFhOcHlNawp4UzR6eFd3bmhLY21qZGRIOHNaL3U4Mm5BM0NWQWdNQkFBR2pXVEJYTUE0R0ExVWREd0VCL3dRRUF3SUNwREFQCkJnTlZIUk1CQWY4RUJUQURBUUgvTUIwR0ExVWREZ1FXQkJRa01jT1BqUjhidkoxOEFZRHIyMGphdkZOQWRqQVYKQmdOVkhSRUVEakFNZ2dwcmRXSmxjbTVsZEdWek1BMEdDU3FHU0liM0RRRUJDd1VBQTRJQkFRQSsxT21sdjRwUwpyV2tpSlNRc3AyV3JFVUI5SVZCeGw1NjN6RVBoTGc2eXhneTU1aHgyTFh0WnR4eStDMVI2d0dkb2h0aEE2RGJKCjR2cncyaThBaTNNSFBsYkFBSUJjM1FhcmU2OVVKVXp6M1RmQnVORVprZUJKREVLYjlMRit5L2h5L2NqNStDbi8KRElQWit3bnFRMm5pWVA0Y0pNWFpQQWdtODhTTVhNd1pIRFBoVDVKTVlDejlaQmJvSWM0QzRvcEJiOWVha2VJWApYZlFDSjNxV0U5MEp0L2lFRDdaL0RiTEI4T044VThObkZOZWdHVWNnN2p3RjR4b09SdXdWVUgzZ0gxalgvbzNDCklVSVp5ekZZSllDVVlSd3RKR1FhakplRW1TVHNmeDNFRWZtSlQ0a2FjazluYmY3eXI0SkxFNXFDMTJyeWl2R1EKR1hCdVdwZVhleXJxCi0tLS0tRU5EIENFUlRJRklDQVRFLS0tLS0K"
              }
            ],
            "cluster_id": null,
            "compute_config": [],
            "created_at": "2025-09-18T11:02:10Z",
            "deletion_protection": false,
            "enabled_cluster_log_types": [],
            "encryption_config": [],
            "endpoint": "https://96347CEAE20B6F8EAF07E5B75401C04E.gr7.us-east-1.eks.amazonaws.com",
            "force_update_version": null,
            "id": "aws-k8s-cluster",
            "identity": [
              {
                "oidc": [
                  {
                    "issuer": "https://oidc.eks.us-east-1.amazonaws.com/id/96347CEAE20B6F8EAF07E5B75401C04E"
                  }
                ]
              }
            ],
            "kubernetes_network_config": [
              {
                "elastic_load_balancing": [
                  {
                    "enabled": false
                  }
                ],
                "ip_family": "ipv4",
                "service_ipv4_cidr": "10.100.0.0/16",
                "service_ipv6_cidr": ""
              }
            ],
            "name": "aws-k8s-cluster",
            "outpost_config": [],
            "platform_version": "eks.14",
            "region": "us-east-1",
            "remote_network_config": [],
            "role_arn": "arn:aws:iam::509505638544:role/aws-k8s-cluster-cluster-role",
            "status": "ACTIVE",
            "storage_config": [],
            "tags": {},
            "tags_all": {},
            "timeouts": null,
            "upgrade_policy": [
              {
                "support_type": "EXTENDED"
              }
            ],
            "version": "1.33",
            "vpc_config": [
              {
                "cluster_security_group_id": "sg-0e496cb873b8ddcb4",
                "endpoint_private_access": false,
                "endpoint_public_access": true,
                "public_access_cidrs": [
                  "0.0.0.0/0"
                ],
                "security_group_ids": [],
                "subnet_ids": [
                  "subnet-02e7cd1a51c151db2",
                  "subnet-039ca8f20a4aabb3d",
                  "subnet-05f00ff03ad9f2534",
                  "subnet-0899cc8c2ce6864f1",
                  "subnet-0be34ce8277e946c6"
                ],
                "vpc_id": "vpc-0006e8e405df31ff3"
              }
            ],
            "zonal_shift_config": []
          },
          "sensitive_attributes": [],
          "identity_schema_version": 0,
          "private": "eyJlMmJmYjczMC1lY2FhLTExZTYtOGY4OC0zNDM2M2JjN2M0YzAiOnsiY3JlYXRlIjoxODAwMDAwMDAwMDAwLCJkZWxldGUiOjkwMDAwMDAwMDAwMCwidXBkYXRlIjozNjAwMDAwMDAwMDAwfSwic2NoZW1hX3ZlcnNpb24iOiIxIn0=",
          "dependencies": [
            "aws_iam_role.cluster",
            "aws_iam_role_policy_attachment.cluster_policy"
          ]
        }
      ]
    },
    {
      "mode": "managed",
      "type": "aws_eks_node_group",
      "name": "main",
      "provider": "provider[\"registry.terraform.io/hashicorp/aws\"]",
      "instances": [
        {
          "index_key": "workers",
          "status": "tainted",
          "schema_version": 0,
          "attributes": {
            "ami_type": "AL2023_x86_64_STANDARD",
            "arn": "arn:aws:eks:us-east-1:509505638544:nodegroup/aws-k8s-cluster/workers/50ccae41-f518-43f4-564a-94e7fa8e85a5",
            "capacity_type": "ON_DEMAND",
            "cluster_name": "aws-k8s-cluster",
            "disk_size": 20,
            "force_update_version": null,
            "id": "aws-k8s-cluster:workers",
            "instance_types": [
              "t2.micro"
            ],
            "labels": {},
            "launch_template": [],
            "node_group_name": "workers",
            "node_group_name_prefix": "",
            "node_repair_config": [],
            "node_role_arn": "arn:aws:iam::509505638544:role/aws-k8s-cluster-node-role",
            "region": "us-east-1",
            "release_version": "1.33.4-20250904",
            "remote_access": [],
            "resources": [],
            "scaling_config": [
              {
                "desired_size": 1,
                "max_size": 1,
                "min_size": 1
              }
            ],
            "status": "CREATING",
            "subnet_ids": [
              "subnet-02e7cd1a51c151db2",
              "subnet-039ca8f20a4aabb3d",
              "subnet-05f00ff03ad9f2534",
              "subnet-0899cc8c2ce6864f1",
              "subnet-0be34ce8277e946c6"
            ],
            "tags": {},
            "tags_all": {},
            "taint": [],
            "timeouts": null,
            "update_config": [
              {
                "max_unavailable": 1,
                "max_unavailable_percentage": 0
              }
            ],
            "version": "1.33"
          },
          "sensitive_attributes": [],
          "identity_schema_version": 0,
          "private": "eyJlMmJmYjczMC1lY2FhLTExZTYtOGY4OC0zNDM2M2JjN2M0YzAiOnsiY3JlYXRlIjozNjAwMDAwMDAwMDAwLCJkZWxldGUiOjM2MDAwMDAwMDAwMDAsInVwZGF0ZSI6MzYwMDAwMDAwMDAwMH19",
          "dependencies": [
            "aws_eks_cluster.main",
            "aws_iam_role.cluster",
            "aws_iam_role.node",
            "aws_iam_role_policy_attachment.cluster_policy",
            "aws_iam_role_policy_attachment.node_policy"
          ]
        }
      ]
    },
    {
      "mode": "managed",
      "type": "aws_iam_role",
      "name": "cluster",
      "provider": "provider[\"registry.terraform.io/hashicorp/aws\"]",
      "instances": [
        {
          "schema_version": 0,
          "attributes": {
            "arn": "arn:aws:iam::509505638544:role/aws-k8s-cluster-cluster-role",
            "assume_role_policy": "{\"Statement\":[{\"Action\":\"sts:AssumeRole\",\"Effect\":\"Allow\",\"Principal\":{\"Service\":\"eks.amazonaws.com\"}}],\"Version\":\"2012-10-17\"}",
            "create_date": "2025-09-18T10:59:33Z",
            "description": "",
            "force_detach_policies": false,
            "id": "aws-k8s-cluster-cluster-role",
            "inline_policy": [],
            "managed_policy_arns": [
              "arn:aws:iam::aws:policy/AmazonEKSClusterPolicy"
            ],
            "max_session_duration": 3600,
            "name": "aws-k8s-cluster-cluster-role",
            "name_prefix": "",
            "path": "/",
            "permissions_boundary": "",
            "tags": {},
            "tags_all": {},
            "unique_id": "AROAXNIHHCCIIMFHIMDCB"
          },
          "sensitive_attributes": [],
          "identity_schema_version": 0,
          "identity": {
            "account_id": "509505638544",
            "name": "aws-k8s-cluster-cluster-role"
          },
          "private": "bnVsbA=="
        }
      ]
    },
    {
      "mode": "managed",
      "type": "aws_iam_role",
      "name": "node",
      "provider": "provider[\"registry.terraform.io/hashicorp/aws\"]",
      "instances": [
        {
          "schema_version": 0,
          "attributes": {
            "arn": "arn:aws:iam::509505638544:role/aws-k8s-cluster-node-role",
            "assume_role_policy": "{\"Statement\":[{\"Action\":\"sts:AssumeRole\",\"Effect\":\"Allow\",\"Principal\":{\"Service\":\"ec2.amazonaws.com\"}}],\"Version\":\"2012-10-17\"}",
            "create_date": "2025-09-18T10:59:33Z",
            "description": "",
            "force_detach_policies": false,
            "id": "aws-k8s-cluster-node-role",
            "inline_policy": [],
            "managed_policy_arns": [
              "arn:aws:iam::aws:policy/AmazonEC2ContainerRegistryReadOnly",
              "arn:aws:iam::aws:policy/AmazonEKSWorkerNodePolicy",
              "arn:aws:iam::aws:policy/AmazonEKS_CNI_Policy"
            ],
            "max_session_duration": 3600,
            "name": "aws-k8s-cluster-node-role",
            "name_prefix": "",
            "path": "/",
            "permissions_boundary": "",
            "tags": {},
            "tags_all": {},
            "unique_id": "AROAXNIHHCCINOEH4W3YZ"
          },
          "sensitive_attributes": [],
          "identity_schema_version": 0,
          "identity": {
            "account_id": "509505638544",
            "name": "aws-k8s-cluster-node-role"
          },
          "private": "bnVsbA=="
        }
      ]
    },
    {
      "mode": "managed",
      "type": "aws_iam_role_policy_attachment",
      "name": "cluster_policy",
      "provider": "provider[\"registry.terraform.io/hashicorp/aws\"]",
      "instances": [
        {
          "schema_version": 0,
          "attributes": {
            "id": "aws-k8s-cluster-cluster-role/arn:aws:iam::aws:policy/AmazonEKSClusterPolicy",
            "policy_arn": "arn:aws:iam::aws:policy/AmazonEKSClusterPolicy",
            "role": "aws-k8s-cluster-cluster-role"
          },
          "sensitive_attributes": [],
          "identity_schema_version": 0,
          "identity": {
            "account_id": "509505638544",
            "policy_arn": "arn:aws:iam::aws:policy/AmazonEKSClusterPolicy",
            "role": "aws-k8s-cluster-cluster-role"
          },
          "private": "bnVsbA==",
          "dependencies": [
            "aws_iam_role.cluster"
          ]
        }
      ]
    },
    {
      "mode": "managed",
      "type": "aws_iam_role_policy_attachment",
      "name": "node_policy",
      "provider": "provider[\"registry.terraform.io/hashicorp/aws\"]",
      "instances": [
        {
          "index_key": "arn:aws:iam::aws:policy/AmazonEC2ContainerRegistryReadOnly",
          "schema_version": 0,
          "attributes": {
            "id": "aws-k8s-cluster-node-role/arn:aws:iam::aws:policy/AmazonEC2ContainerRegistryReadOnly",
            "policy_arn": "arn:aws:iam::aws:policy/AmazonEC2ContainerRegistryReadOnly",
            "role": "aws-k8s-cluster-node-role"
          },
          "sensitive_attributes": [],
          "identity_schema_version": 0,
          "identity": {
            "account_id": "509505638544",
            "policy_arn": "arn:aws:iam::aws:policy/AmazonEC2ContainerRegistryReadOnly",
            "role": "aws-k8s-cluster-node-role"
          },
          "private": "bnVsbA==",
          "dependencies": [
            "aws_iam_role.node"
          ]
        },
        {
          "index_key": "arn:aws:iam::aws:policy/AmazonEKSWorkerNodePolicy",
          "schema_version": 0,
          "attributes": {
            "id": "aws-k8s-cluster-node-role/arn:aws:iam::aws:policy/AmazonEKSWorkerNodePolicy",
            "policy_arn": "arn:aws:iam::aws:policy/AmazonEKSWorkerNodePolicy",
            "role": "aws-k8s-cluster-node-role"
          },
          "sensitive_attributes": [],
          "identity_schema_version": 0,
          "identity": {
            "account_id": "509505638544",
            "policy_arn": "arn:aws:iam::aws:policy/AmazonEKSWorkerNodePolicy",
            "role": "aws-k8s-cluster-node-role"
          },
          "private": "bnVsbA==",
          "dependencies": [
            "aws_iam_role.node"
          ]
        },
        {
          "index_key": "arn:aws:iam::aws:policy/AmazonEKS_CNI_Policy",
          "schema_version": 0,
          "attributes": {
            "id": "aws-k8s-cluster-node-role/arn:aws:iam::aws:policy/AmazonEKS_CNI_Policy",
            "policy_arn": "arn:aws:iam::aws:policy/AmazonEKS_CNI_Policy",
            "role": "aws-k8s-cluster-node-role"
          },
          "sensitive_attributes": [],
          "identity_schema_version": 0,
          "identity": {
            "account_id": "509505638544",
            "policy_arn": "arn:aws:iam::aws:policy/AmazonEKS_CNI_Policy",
            "role": "aws-k8s-cluster-node-role"
          },
          "private": "bnVsbA==",
          "dependencies": [
            "aws_iam_role.node"
          ]
        }
      ]
    }
  ],
  "check_results": null
}
